// !$*UTF8*$!
{
	archiveVersion = 1;
	classes = {
	};
	objectVersion = 46;
	objects = {

/* Begin PBXBuildFile section */
		2A242FF22181BE9B00903066 /* FTPopOverMenu.m in Sources */ = {isa = PBXBuildFile; fileRef = 2A242FF02181BE9B00903066 /* FTPopOverMenu.m */; };
		5A2E156F1CC0ED79003BDE12 /* main.m in Sources */ = {isa = PBXBuildFile; fileRef = 5A2E156E1CC0ED79003BDE12 /* main.m */; };
		5A2E15721CC0ED79003BDE12 /* AppDelegate.m in Sources */ = {isa = PBXBuildFile; fileRef = 5A2E15711CC0ED79003BDE12 /* AppDelegate.m */; };
		5A2E15781CC0ED79003BDE12 /* Main.storyboard in Resources */ = {isa = PBXBuildFile; fileRef = 5A2E15761CC0ED79003BDE12 /* Main.storyboard */; };
		5A2E157A1CC0ED79003BDE12 /* Assets.xcassets in Resources */ = {isa = PBXBuildFile; fileRef = 5A2E15791CC0ED79003BDE12 /* Assets.xcassets */; };
		5A2E157D1CC0ED79003BDE12 /* LaunchScreen.storyboard in Resources */ = {isa = PBXBuildFile; fileRef = 5A2E157B1CC0ED79003BDE12 /* LaunchScreen.storyboard */; };
		5A2E15A21CC0EDB0003BDE12 /* ViewController.m in Sources */ = {isa = PBXBuildFile; fileRef = 5A2E15A11CC0EDB0003BDE12 /* ViewController.m */; };
		5A2E15A71CC0EDBC003BDE12 /* SecondViewController.m in Sources */ = {isa = PBXBuildFile; fileRef = 5A2E15A41CC0EDBC003BDE12 /* SecondViewController.m */; };
		5A2E15A81CC0EDBC003BDE12 /* SecondTableViewCell.m in Sources */ = {isa = PBXBuildFile; fileRef = 5A2E15A61CC0EDBC003BDE12 /* SecondTableViewCell.m */; };
/* End PBXBuildFile section */

/* Begin PBXContainerItemProxy section */
		5A2E15841CC0ED7A003BDE12 /* PBXContainerItemProxy */ = {
			isa = PBXContainerItemProxy;
			containerPortal = 5A2E15621CC0ED79003BDE12 /* Project object */;
			proxyType = 1;
			remoteGlobalIDString = 5A2E15691CC0ED79003BDE12;
			remoteInfo = Demo;
		};
		5A2E158F1CC0ED7A003BDE12 /* PBXContainerItemProxy */ = {
			isa = PBXContainerItemProxy;
			containerPortal = 5A2E15621CC0ED79003BDE12 /* Project object */;
			proxyType = 1;
			remoteGlobalIDString = 5A2E15691CC0ED79003BDE12;
			remoteInfo = Demo;
		};
/* End PBXContainerItemProxy section */

/* Begin PBXFileReference section */
		2A242FF02181BE9B00903066 /* FTPopOverMenu.m */ = {isa = PBXFileReference; fileEncoding = 4; lastKnownFileType = sourcecode.c.objc; path = FTPopOverMenu.m; sourceTree = "<group>"; };
		2A242FF12181BE9B00903066 /* FTPopOverMenu.h */ = {isa = PBXFileReference; fileEncoding = 4; lastKnownFileType = sourcecode.c.h; path = FTPopOverMenu.h; sourceTree = "<group>"; };
		5A2E156A1CC0ED79003BDE12 /* Demo.app */ = {isa = PBXFileReference; explicitFileType = wrapper.application; includeInIndex = 0; path = Demo.app; sourceTree = BUILT_PRODUCTS_DIR; };
		5A2E156E1CC0ED79003BDE12 /* main.m */ = {isa = PBXFileReference; lastKnownFileType = sourcecode.c.objc; path = main.m; sourceTree = "<group>"; };
		5A2E15701CC0ED79003BDE12 /* AppDelegate.h */ = {isa = PBXFileReference; lastKnownFileType = sourcecode.c.h; path = AppDelegate.h; sourceTree = "<group>"; };
		5A2E15711CC0ED79003BDE12 /* AppDelegate.m */ = {isa = PBXFileReference; lastKnownFileType = sourcecode.c.objc; path = AppDelegate.m; sourceTree = "<group>"; };
		5A2E15771CC0ED79003BDE12 /* Base */ = {isa = PBXFileReference; lastKnownFileType = file.storyboard; name = Base; path = Base.lproj/Main.storyboard; sourceTree = "<group>"; };
		5A2E15791CC0ED79003BDE12 /* Assets.xcassets */ = {isa = PBXFileReference; lastKnownFileType = folder.assetcatalog; path = Assets.xcassets; sourceTree = "<group>"; };
		5A2E157C1CC0ED79003BDE12 /* Base */ = {isa = PBXFileReference; lastKnownFileType = file.storyboard; name = Base; path = Base.lproj/LaunchScreen.storyboard; sourceTree = "<group>"; };
		5A2E157E1CC0ED79003BDE12 /* Info.plist */ = {isa = PBXFileReference; lastKnownFileType = text.plist.xml; path = Info.plist; sourceTree = "<group>"; };
		5A2E15831CC0ED7A003BDE12 /* DemoTests.xctest */ = {isa = PBXFileReference; explicitFileType = wrapper.cfbundle; includeInIndex = 0; path = DemoTests.xctest; sourceTree = BUILT_PRODUCTS_DIR; };
		5A2E158E1CC0ED7A003BDE12 /* DemoUITests.xctest */ = {isa = PBXFileReference; explicitFileType = wrapper.cfbundle; includeInIndex = 0; path = DemoUITests.xctest; sourceTree = BUILT_PRODUCTS_DIR; };
		5A2E15A01CC0EDB0003BDE12 /* ViewController.h */ = {isa = PBXFileReference; fileEncoding = 4; lastKnownFileType = sourcecode.c.h; path = ViewController.h; sourceTree = "<group>"; };
		5A2E15A11CC0EDB0003BDE12 /* ViewController.m */ = {isa = PBXFileReference; fileEncoding = 4; lastKnownFileType = sourcecode.c.objc; path = ViewController.m; sourceTree = "<group>"; };
		5A2E15A31CC0EDBC003BDE12 /* SecondViewController.h */ = {isa = PBXFileReference; fileEncoding = 4; lastKnownFileType = sourcecode.c.h; path = SecondViewController.h; sourceTree = "<group>"; };
		5A2E15A41CC0EDBC003BDE12 /* SecondViewController.m */ = {isa = PBXFileReference; fileEncoding = 4; lastKnownFileType = sourcecode.c.objc; path = SecondViewController.m; sourceTree = "<group>"; };
		5A2E15A51CC0EDBC003BDE12 /* SecondTableViewCell.h */ = {isa = PBXFileReference; fileEncoding = 4; lastKnownFileType = sourcecode.c.h; path = SecondTableViewCell.h; sourceTree = "<group>"; };
		5A2E15A61CC0EDBC003BDE12 /* SecondTableViewCell.m */ = {isa = PBXFileReference; fileEncoding = 4; lastKnownFileType = sourcecode.c.objc; path = SecondTableViewCell.m; sourceTree = "<group>"; };
/* End PBXFileReference section */

/* Begin PBXFrameworksBuildPhase section */
		5A2E15671CC0ED79003BDE12 /* Frameworks */ = {
			isa = PBXFrameworksBuildPhase;
			buildActionMask = 2147483647;
			files = (
			);
			runOnlyForDeploymentPostprocessing = 0;
		};
		5A2E15801CC0ED7A003BDE12 /* Frameworks */ = {
			isa = PBXFrameworksBuildPhase;
			buildActionMask = 2147483647;
			files = (
			);
			runOnlyForDeploymentPostprocessing = 0;
		};
		5A2E158B1CC0ED7A003BDE12 /* Frameworks */ = {
			isa = PBXFrameworksBuildPhase;
			buildActionMask = 2147483647;
			files = (
			);
			runOnlyForDeploymentPostprocessing = 0;
		};
/* End PBXFrameworksBuildPhase section */

/* Begin PBXGroup section */
		5A2E15611CC0ED79003BDE12 = {
			isa = PBXGroup;
			children = (
				5A2E156C1CC0ED79003BDE12 /* Demo */,
				5A2E156B1CC0ED79003BDE12 /* Products */,
				CE2C3C52FF882A6FD7E0FF49 /* Frameworks */,
			);
			sourceTree = "<group>";
		};
		5A2E156B1CC0ED79003BDE12 /* Products */ = {
			isa = PBXGroup;
			children = (
				5A2E156A1CC0ED79003BDE12 /* Demo.app */,
				5A2E15831CC0ED7A003BDE12 /* DemoTests.xctest */,
				5A2E158E1CC0ED7A003BDE12 /* DemoUITests.xctest */,
			);
			name = Products;
			sourceTree = "<group>";
		};
		5A2E156C1CC0ED79003BDE12 /* Demo */ = {
			isa = PBXGroup;
			children = (
				5A2E15A91CC11B28003BDE12 /* FTPopOverMenu */,
				5A2E15701CC0ED79003BDE12 /* AppDelegate.h */,
				5A2E15711CC0ED79003BDE12 /* AppDelegate.m */,
				5A2E15A01CC0EDB0003BDE12 /* ViewController.h */,
				5A2E15A11CC0EDB0003BDE12 /* ViewController.m */,
				5A2E15A31CC0EDBC003BDE12 /* SecondViewController.h */,
				5A2E15A41CC0EDBC003BDE12 /* SecondViewController.m */,
				5A2E15A51CC0EDBC003BDE12 /* SecondTableViewCell.h */,
				5A2E15A61CC0EDBC003BDE12 /* SecondTableViewCell.m */,
				5A2E15761CC0ED79003BDE12 /* Main.storyboard */,
				5A2E15791CC0ED79003BDE12 /* Assets.xcassets */,
				5A2E157B1CC0ED79003BDE12 /* LaunchScreen.storyboard */,
				5A2E157E1CC0ED79003BDE12 /* Info.plist */,
				5A2E156D1CC0ED79003BDE12 /* Supporting Files */,
			);
			path = Demo;
			sourceTree = "<group>";
		};
		5A2E156D1CC0ED79003BDE12 /* Supporting Files */ = {
			isa = PBXGroup;
			children = (
				5A2E156E1CC0ED79003BDE12 /* main.m */,
			);
			name = "Supporting Files";
			sourceTree = "<group>";
		};
		5A2E15A91CC11B28003BDE12 /* FTPopOverMenu */ = {
			isa = PBXGroup;
			children = (
				2A242FF12181BE9B00903066 /* FTPopOverMenu.h */,
				2A242FF02181BE9B00903066 /* FTPopOverMenu.m */,
			);
			name = FTPopOverMenu;
			path = ../../FTPopOverMenu;
			sourceTree = "<group>";
		};
		CE2C3C52FF882A6FD7E0FF49 /* Frameworks */ = {
			isa = PBXGroup;
			children = (
			);
			name = Frameworks;
			sourceTree = "<group>";
		};
/* End PBXGroup section */

/* Begin PBXNativeTarget section */
		5A2E15691CC0ED79003BDE12 /* Demo */ = {
			isa = PBXNativeTarget;
			buildConfigurationList = 5A2E15971CC0ED7A003BDE12 /* Build configuration list for PBXNativeTarget "Demo" */;
			buildPhases = (
				5A2E15661CC0ED79003BDE12 /* Sources */,
				5A2E15671CC0ED79003BDE12 /* Frameworks */,
				5A2E15681CC0ED79003BDE12 /* Resources */,
			);
			buildRules = (
			);
			dependencies = (
			);
			name = Demo;
			productName = Demo;
			productReference = 5A2E156A1CC0ED79003BDE12 /* Demo.app */;
			productType = "com.apple.product-type.application";
		};
		5A2E15821CC0ED7A003BDE12 /* DemoTests */ = {
			isa = PBXNativeTarget;
			buildConfigurationList = 5A2E159A1CC0ED7A003BDE12 /* Build configuration list for PBXNativeTarget "DemoTests" */;
			buildPhases = (
				5A2E157F1CC0ED7A003BDE12 /* Sources */,
				5A2E15801CC0ED7A003BDE12 /* Frameworks */,
				5A2E15811CC0ED7A003BDE12 /* Resources */,
			);
			buildRules = (
			);
			dependencies = (
				5A2E15851CC0ED7A003BDE12 /* PBXTargetDependency */,
			);
			name = DemoTests;
			productName = DemoTests;
			productReference = 5A2E15831CC0ED7A003BDE12 /* DemoTests.xctest */;
			productType = "com.apple.product-type.bundle.unit-test";
		};
		5A2E158D1CC0ED7A003BDE12 /* DemoUITests */ = {
			isa = PBXNativeTarget;
			buildConfigurationList = 5A2E159D1CC0ED7A003BDE12 /* Build configuration list for PBXNativeTarget "DemoUITests" */;
			buildPhases = (
				5A2E158A1CC0ED7A003BDE12 /* Sources */,
				5A2E158B1CC0ED7A003BDE12 /* Frameworks */,
				5A2E158C1CC0ED7A003BDE12 /* Resources */,
			);
			buildRules = (
			);
			dependencies = (
				5A2E15901CC0ED7A003BDE12 /* PBXTargetDependency */,
			);
			name = DemoUITests;
			productName = DemoUITests;
			productReference = 5A2E158E1CC0ED7A003BDE12 /* DemoUITests.xctest */;
			productType = "com.apple.product-type.bundle.ui-testing";
		};
/* End PBXNativeTarget section */

/* Begin PBXProject section */
		5A2E15621CC0ED79003BDE12 /* Project object */ = {
			isa = PBXProject;
			attributes = {
				LastUpgradeCheck = 1030;
				ORGANIZATIONNAME = liufengting;
				TargetAttributes = {
					5A2E15691CC0ED79003BDE12 = {
						CreatedOnToolsVersion = 7.3;
						DevelopmentTeam = E83AC9WR2F;
					};
					5A2E15821CC0ED7A003BDE12 = {
						CreatedOnToolsVersion = 7.3;
						TestTargetID = 5A2E15691CC0ED79003BDE12;
					};
					5A2E158D1CC0ED7A003BDE12 = {
						CreatedOnToolsVersion = 7.3;
						TestTargetID = 5A2E15691CC0ED79003BDE12;
					};
				};
			};
			buildConfigurationList = 5A2E15651CC0ED79003BDE12 /* Build configuration list for PBXProject "Demo" */;
			compatibilityVersion = "Xcode 3.2";
			developmentRegion = en;
			hasScannedForEncodings = 0;
			knownRegions = (
				en,
				Base,
			);
			mainGroup = 5A2E15611CC0ED79003BDE12;
			productRefGroup = 5A2E156B1CC0ED79003BDE12 /* Products */;
			projectDirPath = "";
			projectRoot = "";
			targets = (
				5A2E15691CC0ED79003BDE12 /* Demo */,
				5A2E15821CC0ED7A003BDE12 /* DemoTests */,
				5A2E158D1CC0ED7A003BDE12 /* DemoUITests */,
			);
		};
/* End PBXProject section */

/* Begin PBXResourcesBuildPhase section */
		5A2E15681CC0ED79003BDE12 /* Resources */ = {
			isa = PBXResourcesBuildPhase;
			buildActionMask = 2147483647;
			files = (
				5A2E157D1CC0ED79003BDE12 /* LaunchScreen.storyboard in Resources */,
				5A2E157A1CC0ED79003BDE12 /* Assets.xcassets in Resources */,
				5A2E15781CC0ED79003BDE12 /* Main.storyboard in Resources */,
			);
			runOnlyForDeploymentPostprocessing = 0;
		};
		5A2E15811CC0ED7A003BDE12 /* Resources */ = {
			isa = PBXResourcesBuildPhase;
			buildActionMask = 2147483647;
			files = (
			);
			runOnlyForDeploymentPostprocessing = 0;
		};
		5A2E158C1CC0ED7A003BDE12 /* Resources */ = {
			isa = PBXResourcesBuildPhase;
			buildActionMask = 2147483647;
			files = (
			);
			runOnlyForDeploymentPostprocessing = 0;
		};
/* End PBXResourcesBuildPhase section */

/* Begin PBXSourcesBuildPhase section */
		5A2E15661CC0ED79003BDE12 /* Sources */ = {
			isa = PBXSourcesBuildPhase;
			buildActionMask = 2147483647;
			files = (
				5A2E15A71CC0EDBC003BDE12 /* SecondViewController.m in Sources */,
				5A2E15A81CC0EDBC003BDE12 /* SecondTableViewCell.m in Sources */,
				2A242FF22181BE9B00903066 /* FTPopOverMenu.m in Sources */,
				5A2E15A21CC0EDB0003BDE12 /* ViewController.m in Sources */,
				5A2E15721CC0ED79003BDE12 /* AppDelegate.m in Sources */,
				5A2E156F1CC0ED79003BDE12 /* main.m in Sources */,
			);
			runOnlyForDeploymentPostprocessing = 0;
		};
		5A2E157F1CC0ED7A003BDE12 /* Sources */ = {
			isa = PBXSourcesBuildPhase;
			buildActionMask = 2147483647;
			files = (
			);
			runOnlyForDeploymentPostprocessing = 0;
		};
		5A2E158A1CC0ED7A003BDE12 /* Sources */ = {
			isa = PBXSourcesBuildPhase;
			buildActionMask = 2147483647;
			files = (
			);
			runOnlyForDeploymentPostprocessing = 0;
		};
/* End PBXSourcesBuildPhase section */

/* Begin PBXTargetDependency section */
		5A2E15851CC0ED7A003BDE12 /* PBXTargetDependency */ = {
			isa = PBXTargetDependency;
			target = 5A2E15691CC0ED79003BDE12 /* Demo */;
			targetProxy = 5A2E15841CC0ED7A003BDE12 /* PBXContainerItemProxy */;
		};
		5A2E15901CC0ED7A003BDE12 /* PBXTargetDependency */ = {
			isa = PBXTargetDependency;
			target = 5A2E15691CC0ED79003BDE12 /* Demo */;
			targetProxy = 5A2E158F1CC0ED7A003BDE12 /* PBXContainerItemProxy */;
		};
/* End PBXTargetDependency section */

/* Begin PBXVariantGroup section */
		5A2E15761CC0ED79003BDE12 /* Main.storyboard */ = {
			isa = PBXVariantGroup;
			children = (
				5A2E15771CC0ED79003BDE12 /* Base */,
			);
			name = Main.storyboard;
			sourceTree = "<group>";
		};
		5A2E157B1CC0ED79003BDE12 /* LaunchScreen.storyboard */ = {
			isa = PBXVariantGroup;
			children = (
				5A2E157C1CC0ED79003BDE12 /* Base */,
			);
			name = LaunchScreen.storyboard;
			sourceTree = "<group>";
		};
/* End PBXVariantGroup section */

/* Begin XCBuildConfiguration section */
		5A2E15951CC0ED7A003BDE12 /* Debug */ = {
			isa = XCBuildConfiguration;
			buildSettings = {
				ALWAYS_SEARCH_USER_PATHS = NO;
				CLANG_ANALYZER_LOCALIZABILITY_NONLOCALIZED = YES;
				CLANG_ANALYZER_NONNULL = YES;
				CLANG_CXX_LANGUAGE_STANDARD = "gnu++0x";
				CLANG_CXX_LIBRARY = "libc++";
				CLANG_ENABLE_MODULES = YES;
				CLANG_ENABLE_OBJC_ARC = YES;
				CLANG_WARN_BLOCK_CAPTURE_AUTORELEASING = YES;
				CLANG_WARN_BOOL_CONVERSION = YES;
				CLANG_WARN_COMMA = YES;
				CLANG_WARN_CONSTANT_CONVERSION = YES;
				CLANG_WARN_DEPRECATED_OBJC_IMPLEMENTATIONS = YES;
				CLANG_WARN_DIRECT_OBJC_ISA_USAGE = YES_ERROR;
				CLANG_WARN_EMPTY_BODY = YES;
				CLANG_WARN_ENUM_CONVERSION = YES;
				CLANG_WARN_INFINITE_RECURSION = YES;
				CLANG_WARN_INT_CONVERSION = YES;
				CLANG_WARN_NON_LITERAL_NULL_CONVERSION = YES;
				CLANG_WARN_OBJC_IMPLICIT_RETAIN_SELF = YES;
				CLANG_WARN_OBJC_LITERAL_CONVERSION = YES;
				CLANG_WARN_OBJC_ROOT_CLASS = YES_ERROR;
				CLANG_WARN_RANGE_LOOP_ANALYSIS = YES;
				CLANG_WARN_STRICT_PROTOTYPES = YES;
				CLANG_WARN_SUSPICIOUS_MOVE = YES;
				CLANG_WARN_UNREACHABLE_CODE = YES;
				CLANG_WARN__DUPLICATE_METHOD_MATCH = YES;
				"CODE_SIGN_IDENTITY[sdk=iphoneos*]" = "iPhone Developer";
				COPY_PHASE_STRIP = NO;
				DEBUG_INFORMATION_FORMAT = dwarf;
				ENABLE_STRICT_OBJC_MSGSEND = YES;
				ENABLE_TESTABILITY = YES;
				GCC_C_LANGUAGE_STANDARD = gnu99;
				GCC_DYNAMIC_NO_PIC = NO;
				GCC_NO_COMMON_BLOCKS = YES;
				GCC_OPTIMIZATION_LEVEL = 0;
				GCC_PREPROCESSOR_DEFINITIONS = (
					"DEBUG=1",
					"$(inherited)",
				);
				GCC_WARN_64_TO_32_BIT_CONVERSION = YES;
				GCC_WARN_ABOUT_RETURN_TYPE = YES_ERROR;
				GCC_WARN_UNDECLARED_SELECTOR = YES;
				GCC_WARN_UNINITIALIZED_AUTOS = YES_AGGRESSIVE;
				GCC_WARN_UNUSED_FUNCTION = YES;
				GCC_WARN_UNUSED_VARIABLE = YES;
				IPHONEOS_DEPLOYMENT_TARGET = 8.0;
				MTL_ENABLE_DEBUG_INFO = YES;
				ONLY_ACTIVE_ARCH = YES;
				SDKROOT = iphoneos;
			};
			name = Debug;
		};
		5A2E15961CC0ED7A003BDE12 /* Release */ = {
			isa = XCBuildConfiguration;
			buildSettings = {
				ALWAYS_SEARCH_USER_PATHS = NO;
				CLANG_ANALYZER_LOCALIZABILITY_NONLOCALIZED = YES;
				CLANG_ANALYZER_NONNULL = YES;
				CLANG_CXX_LANGUAGE_STANDARD = "gnu++0x";
				CLANG_CXX_LIBRARY = "libc++";
				CLANG_ENABLE_MODULES = YES;
				CLANG_ENABLE_OBJC_ARC = YES;
				CLANG_WARN_BLOCK_CAPTURE_AUTORELEASING = YES;
				CLANG_WARN_BOOL_CONVERSION = YES;
				CLANG_WARN_COMMA = YES;
				CLANG_WARN_CONSTANT_CONVERSION = YES;
				CLANG_WARN_DEPRECATED_OBJC_IMPLEMENTATIONS = YES;
				CLANG_WARN_DIRECT_OBJC_ISA_USAGE = YES_ERROR;
				CLANG_WARN_EMPTY_BODY = YES;
				CLANG_WARN_ENUM_CONVERSION = YES;
				CLANG_WARN_INFINITE_RECURSION = YES;
				CLANG_WARN_INT_CONVERSION = YES;
				CLANG_WARN_NON_LITERAL_NULL_CONVERSION = YES;
				CLANG_WARN_OBJC_IMPLICIT_RETAIN_SELF = YES;
				CLANG_WARN_OBJC_LITERAL_CONVERSION = YES;
				CLANG_WARN_OBJC_ROOT_CLASS = YES_ERROR;
				CLANG_WARN_RANGE_LOOP_ANALYSIS = YES;
				CLANG_WARN_STRICT_PROTOTYPES = YES;
				CLANG_WARN_SUSPICIOUS_MOVE = YES;
				CLANG_WARN_UNREACHABLE_CODE = YES;
				CLANG_WARN__DUPLICATE_METHOD_MATCH = YES;
				"CODE_SIGN_IDENTITY[sdk=iphoneos*]" = "iPhone Developer";
				COPY_PHASE_STRIP = NO;
				DEBUG_INFORMATION_FORMAT = "dwarf-with-dsym";
				ENABLE_NS_ASSERTIONS = NO;
				ENABLE_STRICT_OBJC_MSGSEND = YES;
				GCC_C_LANGUAGE_STANDARD = gnu99;
				GCC_NO_COMMON_BLOCKS = YES;
				GCC_WARN_64_TO_32_BIT_CONVERSION = YES;
				GCC_WARN_ABOUT_RETURN_TYPE = YES_ERROR;
				GCC_WARN_UNDECLARED_SELECTOR = YES;
				GCC_WARN_UNINITIALIZED_AUTOS = YES_AGGRESSIVE;
				GCC_WARN_UNUSED_FUNCTION = YES;
				GCC_WARN_UNUSED_VARIABLE = YES;
				IPHONEOS_DEPLOYMENT_TARGET = 8.0;
				MTL_ENABLE_DEBUG_INFO = NO;
				SDKROOT = iphoneos;
				VALIDATE_PRODUCT = YES;
			};
			name = Release;
		};
		5A2E15981CC0ED7A003BDE12 /* Debug */ = {
			isa = XCBuildConfiguration;
			buildSettings = {
				CODE_SIGN_IDENTITY = "iPhone Developer";
				DEVELOPMENT_TEAM = E83AC9WR2F;
				INFOPLIST_FILE = Demo/Info.plist;
				IPHONEOS_DEPLOYMENT_TARGET = 8.0;
				LD_RUNPATH_SEARCH_PATHS = "$(inherited) @executable_path/Frameworks";
				PRODUCT_BUNDLE_IDENTIFIER = com.liufengting.FTPopOverMenu;
				PRODUCT_NAME = "$(TARGET_NAME)";
			};
			name = Debug;
		};
		5A2E15991CC0ED7A003BDE12 /* Release */ = {
			isa = XCBuildConfiguration;
			buildSettings = {
				CODE_SIGN_IDENTITY = "iPhone Developer";
				DEVELOPMENT_TEAM = E83AC9WR2F;
				INFOPLIST_FILE = Demo/Info.plist;
				IPHONEOS_DEPLOYMENT_TARGET = 8.0;
				LD_RUNPATH_SEARCH_PATHS = "$(inherited) @executable_path/Frameworks";
				PRODUCT_BUNDLE_IDENTIFIER = com.liufengting.FTPopOverMenu;
				PRODUCT_NAME = "$(TARGET_NAME)";
			};
			name = Release;
		};
		5A2E159B1CC0ED7A003BDE12 /* Debug */ = {
			isa = XCBuildConfiguration;
			buildSettings = {
				BUNDLE_LOADER = "$(TEST_HOST)";
				INFOPLIST_FILE = DemoTests/Info.plist;
				LD_RUNPATH_SEARCH_PATHS = "$(inherited) @executable_path/Frameworks @loader_path/Frameworks";
				PRODUCT_BUNDLE_IDENTIFIER = com.liufengting.DemoTests;
				PRODUCT_NAME = "$(TARGET_NAME)";
				TEST_HOST = "$(BUILT_PRODUCTS_DIR)/Demo.app/Demo";
			};
			name = Debug;
		};
		5A2E159C1CC0ED7A003BDE12 /* Release */ = {
			isa = XCBuildConfiguration;
			buildSettings = {
				BUNDLE_LOADER = "$(TEST_HOST)";
				INFOPLIST_FILE = DemoTests/Info.plist;
				LD_RUNPATH_SEARCH_PATHS = "$(inherited) @executable_path/Frameworks @loader_path/Frameworks";
				PRODUCT_BUNDLE_IDENTIFIER = com.liufengting.DemoTests;
				PRODUCT_NAME = "$(TARGET_NAME)";
				TEST_HOST = "$(BUILT_PRODUCTS_DIR)/Demo.app/Demo";
			};
			name = Release;
		};
		5A2E159E1CC0ED7A003BDE12 /* Debug */ = {
			isa = XCBuildConfiguration;
			buildSettings = {
				INFOPLIST_FILE = DemoUITests/Info.plist;
				LD_RUNPATH_SEARCH_PATHS = "$(inherited) @executable_path/Frameworks @loader_path/Frameworks";
				PRODUCT_BUNDLE_IDENTIFIER = com.liufengting.DemoUITests;
				PRODUCT_NAME = "$(TARGET_NAME)";
				TEST_TARGET_NAME = Demo;
			};
			name = Debug;
		};
		5A2E159F1CC0ED7A003BDE12 /* Release */ = {
			isa = XCBuildConfiguration;
			buildSettings = {
				INFOPLIST_FILE = DemoUITests/Info.plist;
				LD_RUNPATH_SEARCH_PATHS = "$(inherited) @executable_path/Frameworks @loader_path/Frameworks";
				PRODUCT_BUNDLE_IDENTIFIER = com.liufengting.DemoUITests;
				PRODUCT_NAME = "$(TARGET_NAME)";
				TEST_TARGET_NAME = Demo;
			};
			name = Release;
		};
/* End XCBuildConfiguration section */

/* Begin XCConfigurationList section */
		5A2E15651CC0ED79003BDE12 /* Build configuration list for PBXProject "Demo" */ = {
			isa = XCConfigurationList;
			buildConfigurations = (
				5A2E15951CC0ED7A003BDE12 /* Debug */,
				5A2E15961CC0ED7A003BDE12 /* Release */,
			);
			defaultConfigurationIsVisible = 0;
			defaultConfigurationName = Release;
		};
		5A2E15971CC0ED7A003BDE12 /* Build configuration list for PBXNativeTarget "Demo" */ = {
			isa = XCConfigurationList;
			buildConfigurations = (
				5A2E15981CC0ED7A003BDE12 /* Debug */,
				5A2E15991CC0ED7A003BDE12 /* Release */,
			);
			defaultConfigurationIsVisible = 0;
			defaultConfigurationName = Release;
		};
		5A2E159A1CC0ED7A003BDE12 /* Build configuration list for PBXNativeTarget "DemoTests" */ = {
			isa = XCConfigurationList;
			buildConfigurations = (
				5A2E159B1CC0ED7A003BDE12 /* Debug */,
				5A2E159C1CC0ED7A003BDE12 /* Release */,
			);
			defaultConfigurationIsVisible = 0;
			defaultConfigurationName = Release;
		};
		5A2E159D1CC0ED7A003BDE12 /* Build configuration list for PBXNativeTarget "DemoUITests" */ = {
			isa = XCConfigurationList;
			buildConfigurations = (
				5A2E159E1CC0ED7A003BDE12 /* Debug */,
				5A2E159F1CC0ED7A003BDE12 /* Release */,
			);
			defaultConfigurationIsVisible = 0;
			defaultConfigurationName = Release;
		};
/* End XCConfigurationList section */
	};
	rootObject = 5A2E15621CC0ED79003BDE12 /* Project object */;
}
